# THIS IS AN AUTOGENERATED FILE. DO NOT EDIT THIS FILE DIRECTLY.
# yarn lockfile v1


mobx-react-lite@^4.0.7:
  version "4.0.7"
  resolved "https://registry.yarnpkg.com/mobx-react-lite/-/mobx-react-lite-4.0.7.tgz#f4e21e18d05c811010dcb1d3007e797924c4d90b"
  integrity sha512-RjwdseshK9Mg8On5tyJZHtGD+J78ZnCnRaxeQDSiciKVQDUbfZcXhmld0VMxAwvcTnPEHZySGGewm467Fcpreg==
  dependencies:
    use-sync-external-store "^1.2.0"

mobx-react@^9.1.1:
  version "9.1.1"
  resolved "https://registry.yarnpkg.com/mobx-react/-/mobx-react-9.1.1.tgz#b96e0d5d74a3d02fc62729fd344b2a3ad2a88aae"
  integrity sha512-gVV7AdSrAAxqXOJ2bAbGa5TkPqvITSzaPiiEkzpW4rRsMhSec7C2NBCJYILADHKp2tzOAIETGRsIY0UaCV5aEw==
  dependencies:
    mobx-react-lite "^4.0.7"

mobx@^6.13.5:
  version "6.13.5"
  resolved "https://registry.yarnpkg.com/mobx/-/mobx-6.13.5.tgz#957d9df88c7f8b4baa7c6f8bdcb6d68b432a6ed5"
  integrity sha512-/HTWzW2s8J1Gqt+WmUj5Y0mddZk+LInejADc79NJadrWla3rHzmRHki/mnEUH1AvOmbNTZ1BRbKxr8DSgfdjMA==

use-sync-external-store@^1.2.0:
  version "1.2.2"
  resolved "https://registry.yarnpkg.com/use-sync-external-store/-/use-sync-external-store-1.2.2.tgz#c3b6390f3a30eba13200d2302dcdf1e7b57b2ef9"
  integrity sha512-PElTlVMwpblvbNqQ82d2n6RjStvdSoNe9FG28kNfz3WiXilJm4DdNkEzRhCZuIDwY8U08WVihhGR5iRqAwfDiw==
